// !$*UTF8*$!
{
	archiveVersion = 1;
	classes = {
	};
	objectVersion = 50;
	objects = {

/* Begin PBXBuildFile section */
		AE6492EE218CDABE005F57CD /* AppDelegate.swift in Sources */ = {isa = PBXBuildFile; fileRef = AE6492ED218CDABE005F57CD /* AppDelegate.swift */; };
		AE6492F0218CDABE005F57CD /* ViewController.swift in Sources */ = {isa = PBXBuildFile; fileRef = AE6492EF218CDABE005F57CD /* ViewController.swift */; };
		AE6492F3218CDABE005F57CD /* Main.storyboard in Resources */ = {isa = PBXBuildFile; fileRef = AE6492F1218CDABE005F57CD /* Main.storyboard */; };
		AE6492F5218CDAC0005F57CD /* Assets.xcassets in Resources */ = {isa = PBXBuildFile; fileRef = AE6492F4218CDAC0005F57CD /* Assets.xcassets */; };
		AE6492F8218CDAC0005F57CD /* LaunchScreen.storyboard in Resources */ = {isa = PBXBuildFile; fileRef = AE6492F6218CDAC0005F57CD /* LaunchScreen.storyboard */; };
		AE649303218CDAC0005F57CD /* BinderTests.swift in Sources */ = {isa = PBXBuildFile; fileRef = AE649302218CDAC0005F57CD /* BinderTests.swift */; };
		AE64930E218CDAC0005F57CD /* BinderUITests.swift in Sources */ = {isa = PBXBuildFile; fileRef = AE64930D218CDAC0005F57CD /* BinderUITests.swift */; };
/* End PBXBuildFile section */

/* Begin PBXContainerItemProxy section */
		AE6492FF218CDAC0005F57CD /* PBXContainerItemProxy */ = {
			isa = PBXContainerItemProxy;
			containerPortal = AE6492E2218CDABE005F57CD /* Project object */;
			proxyType = 1;
			remoteGlobalIDString = AE6492E9218CDABE005F57CD;
			remoteInfo = Binder;
		};
		AE64930A218CDAC0005F57CD /* PBXContainerItemProxy */ = {
			isa = PBXContainerItemProxy;
			containerPortal = AE6492E2218CDABE005F57CD /* Project object */;
			proxyType = 1;
			remoteGlobalIDString = AE6492E9218CDABE005F57CD;
			remoteInfo = Binder;
		};
/* End PBXContainerItemProxy section */

/* Begin PBXFileReference section */
		AE6492EA218CDABE005F57CD /* Binder.app */ = {isa = PBXFileReference; explicitFileType = wrapper.application; includeInIndex = 0; path = Binder.app; sourceTree = BUILT_PRODUCTS_DIR; };
		AE6492ED218CDABE005F57CD /* AppDelegate.swift */ = {isa = PBXFileReference; lastKnownFileType = sourcecode.swift; path = AppDelegate.swift; sourceTree = "<group>"; };
		AE6492EF218CDABE005F57CD /* ViewController.swift */ = {isa = PBXFileReference; lastKnownFileType = sourcecode.swift; path = ViewController.swift; sourceTree = "<group>"; };
		AE6492F2218CDABE005F57CD /* Base */ = {isa = PBXFileReference; lastKnownFileType = file.storyboard; name = Base; path = Base.lproj/Main.storyboard; sourceTree = "<group>"; };
		AE6492F4218CDAC0005F57CD /* Assets.xcassets */ = {isa = PBXFileReference; lastKnownFileType = folder.assetcatalog; path = Assets.xcassets; sourceTree = "<group>"; };
		AE6492F7218CDAC0005F57CD /* Base */ = {isa = PBXFileReference; lastKnownFileType = file.storyboard; name = Base; path = Base.lproj/LaunchScreen.storyboard; sourceTree = "<group>"; };
		AE6492F9218CDAC0005F57CD /* Info.plist */ = {isa = PBXFileReference; lastKnownFileType = text.plist.xml; path = Info.plist; sourceTree = "<group>"; };
		AE6492FE218CDAC0005F57CD /* BinderTests.xctest */ = {isa = PBXFileReference; explicitFileType = wrapper.cfbundle; includeInIndex = 0; path = BinderTests.xctest; sourceTree = BUILT_PRODUCTS_DIR; };
		AE649302218CDAC0005F57CD /* BinderTests.swift */ = {isa = PBXFileReference; lastKnownFileType = sourcecode.swift; path = BinderTests.swift; sourceTree = "<group>"; };
		AE649304218CDAC0005F57CD /* Info.plist */ = {isa = PBXFileReference; lastKnownFileType = text.plist.xml; path = Info.plist; sourceTree = "<group>"; };
		AE649309218CDAC0005F57CD /* BinderUITests.xctest */ = {isa = PBXFileReference; explicitFileType = wrapper.cfbundle; includeInIndex = 0; path = BinderUITests.xctest; sourceTree = BUILT_PRODUCTS_DIR; };
		AE64930D218CDAC0005F57CD /* BinderUITests.swift */ = {isa = PBXFileReference; lastKnownFileType = sourcecode.swift; path = BinderUITests.swift; sourceTree = "<group>"; };
		AE64930F218CDAC0005F57CD /* Info.plist */ = {isa = PBXFileReference; lastKnownFileType = text.plist.xml; path = Info.plist; sourceTree = "<group>"; };
/* End PBXFileReference section */

/* Begin PBXFrameworksBuildPhase section */
		AE6492E7218CDABE005F57CD /* Frameworks */ = {
			isa = PBXFrameworksBuildPhase;
			buildActionMask = 2147483647;
			files = (
			);
			runOnlyForDeploymentPostprocessing = 0;
		};
		AE6492FB218CDAC0005F57CD /* Frameworks */ = {
			isa = PBXFrameworksBuildPhase;
			buildActionMask = 2147483647;
			files = (
			);
			runOnlyForDeploymentPostprocessing = 0;
		};
		AE649306218CDAC0005F57CD /* Frameworks */ = {
			isa = PBXFrameworksBuildPhase;
			buildActionMask = 2147483647;
			files = (
			);
			runOnlyForDeploymentPostprocessing = 0;
		};
/* End PBXFrameworksBuildPhase section */

/* Begin PBXGroup section */
		AE6492E1218CDABE005F57CD = {
			isa = PBXGroup;
			children = (
				AE6492EC218CDABE005F57CD /* Binder */,
				AE649301218CDAC0005F57CD /* BinderTests */,
				AE64930C218CDAC0005F57CD /* BinderUITests */,
				AE6492EB218CDABE005F57CD /* Products */,
			);
			sourceTree = "<group>";
		};
		AE6492EB218CDABE005F57CD /* Products */ = {
			isa = PBXGroup;
			children = (
				AE6492EA218CDABE005F57CD /* Binder.app */,
				AE6492FE218CDAC0005F57CD /* BinderTests.xctest */,
				AE649309218CDAC0005F57CD /* BinderUITests.xctest */,
			);
			name = Products;
			sourceTree = "<group>";
		};
		AE6492EC218CDABE005F57CD /* Binder */ = {
			isa = PBXGroup;
			children = (
				AE6492ED218CDABE005F57CD /* AppDelegate.swift */,
				AE6492EF218CDABE005F57CD /* ViewController.swift */,
				AE6492F1218CDABE005F57CD /* Main.storyboard */,
				AE6492F4218CDAC0005F57CD /* Assets.xcassets */,
				AE6492F6218CDAC0005F57CD /* LaunchScreen.storyboard */,
				AE6492F9218CDAC0005F57CD /* Info.plist */,
			);
			path = Binder;
			sourceTree = "<group>";
		};
		AE649301218CDAC0005F57CD /* BinderTests */ = {
			isa = PBXGroup;
			children = (
				AE649302218CDAC0005F57CD /* BinderTests.swift */,
				AE649304218CDAC0005F57CD /* Info.plist */,
			);
			path = BinderTests;
			sourceTree = "<group>";
		};
		AE64930C218CDAC0005F57CD /* BinderUITests */ = {
			isa = PBXGroup;
			children = (
				AE64930D218CDAC0005F57CD /* BinderUITests.swift */,
				AE64930F218CDAC0005F57CD /* Info.plist */,
			);
			path = BinderUITests;
			sourceTree = "<group>";
		};
/* End PBXGroup section */

/* Begin PBXNativeTarget section */
		AE6492E9218CDABE005F57CD /* Binder */ = {
			isa = PBXNativeTarget;
			buildConfigurationList = AE649312218CDAC0005F57CD /* Build configuration list for PBXNativeTarget "Binder" */;
			buildPhases = (
				AE6492E6218CDABE005F57CD /* Sources */,
				AE6492E7218CDABE005F57CD /* Frameworks */,
				AE6492E8218CDABE005F57CD /* Resources */,
			);
			buildRules = (
			);
			dependencies = (
			);
			name = Binder;
			productName = Binder;
			productReference = AE6492EA218CDABE005F57CD /* Binder.app */;
			productType = "com.apple.product-type.application";
		};
		AE6492FD218CDAC0005F57CD /* BinderTests */ = {
			isa = PBXNativeTarget;
			buildConfigurationList = AE649315218CDAC0005F57CD /* Build configuration list for PBXNativeTarget "BinderTests" */;
			buildPhases = (
				AE6492FA218CDAC0005F57CD /* Sources */,
				AE6492FB218CDAC0005F57CD /* Frameworks */,
				AE6492FC218CDAC0005F57CD /* Resources */,
			);
			buildRules = (
			);
			dependencies = (
				AE649300218CDAC0005F57CD /* PBXTargetDependency */,
			);
			name = BinderTests;
			productName = BinderTests;
			productReference = AE6492FE218CDAC0005F57CD /* BinderTests.xctest */;
			productType = "com.apple.product-type.bundle.unit-test";
		};
		AE649308218CDAC0005F57CD /* BinderUITests */ = {
			isa = PBXNativeTarget;
			buildConfigurationList = AE649318218CDAC0005F57CD /* Build configuration list for PBXNativeTarget "BinderUITests" */;
			buildPhases = (
				AE649305218CDAC0005F57CD /* Sources */,
				AE649306218CDAC0005F57CD /* Frameworks */,
				AE649307218CDAC0005F57CD /* Resources */,
			);
			buildRules = (
			);
			dependencies = (
				AE64930B218CDAC0005F57CD /* PBXTargetDependency */,
			);
			name = BinderUITests;
			productName = BinderUITests;
			productReference = AE649309218CDAC0005F57CD /* BinderUITests.xctest */;
			productType = "com.apple.product-type.bundle.ui-testing";
		};
/* End PBXNativeTarget section */

/* Begin PBXProject section */
		AE6492E2218CDABE005F57CD /* Project object */ = {
			isa = PBXProject;
			attributes = {
				LastSwiftUpdateCheck = 1010;
				LastUpgradeCheck = 1010;
				ORGANIZATIONNAME = "Rao Mudassar";
				TargetAttributes = {
					AE6492E9218CDABE005F57CD = {
						CreatedOnToolsVersion = 10.1;
					};
					AE6492FD218CDAC0005F57CD = {
						CreatedOnToolsVersion = 10.1;
						TestTargetID = AE6492E9218CDABE005F57CD;
					};
					AE649308218CDAC0005F57CD = {
						CreatedOnToolsVersion = 10.1;
						TestTargetID = AE6492E9218CDABE005F57CD;
					};
				};
			};
			buildConfigurationList = AE6492E5218CDABE005F57CD /* Build configuration list for PBXProject "Binder" */;
			compatibilityVersion = "Xcode 9.3";
			developmentRegion = en;
			hasScannedForEncodings = 0;
			knownRegions = (
				en,
				Base,
			);
			mainGroup = AE6492E1218CDABE005F57CD;
			productRefGroup = AE6492EB218CDABE005F57CD /* Products */;
			projectDirPath = "";
			projectRoot = "";
			targets = (
				AE6492E9218CDABE005F57CD /* Binder */,
				AE6492FD218CDAC0005F57CD /* BinderTests */,
				AE649308218CDAC0005F57CD /* BinderUITests */,
			);
		};
/* End PBXProject section */

/* Begin PBXResourcesBuildPhase section */
		AE6492E8218CDABE005F57CD /* Resources */ = {
			isa = PBXResourcesBuildPhase;
			buildActionMask = 2147483647;
			files = (
				AE6492F8218CDAC0005F57CD /* LaunchScreen.storyboard in Resources */,
				AE6492F5218CDAC0005F57CD /* Assets.xcassets in Resources */,
				AE6492F3218CDABE005F57CD /* Main.storyboard in Resources */,
			);
			runOnlyForDeploymentPostprocessing = 0;
		};
		AE6492FC218CDAC0005F57CD /* Resources */ = {
			isa = PBXResourcesBuildPhase;
			buildActionMask = 2147483647;
			files = (
			);
			runOnlyForDeploymentPostprocessing = 0;
		};
		AE649307218CDAC0005F57CD /* Resources */ = {
			isa = PBXResourcesBuildPhase;
			buildActionMask = 2147483647;
			files = (
			);
			runOnlyForDeploymentPostprocessing = 0;
		};
/* End PBXResourcesBuildPhase section */

/* Begin PBXSourcesBuildPhase section */
		AE6492E6218CDABE005F57CD /* Sources */ = {
			isa = PBXSourcesBuildPhase;
			buildActionMask = 2147483647;
			files = (
				AE6492F0218CDABE005F57CD /* ViewController.swift in Sources */,
				AE6492EE218CDABE005F57CD /* AppDelegate.swift in Sources */,
			);
			runOnlyForDeploymentPostprocessing = 0;
		};
		AE6492FA218CDAC0005F57CD /* Sources */ = {
			isa = PBXSourcesBuildPhase;
			buildActionMask = 2147483647;
			files = (
				AE649303218CDAC0005F57CD /* BinderTests.swift in Sources */,
			);
			runOnlyForDeploymentPostprocessing = 0;
		};
		AE649305218CDAC0005F57CD /* Sources */ = {
			isa = PBXSourcesBuildPhase;
			buildActionMask = 2147483647;
			files = (
				AE64930E218CDAC0005F57CD /* BinderUITests.swift in Sources */,
			);
			runOnlyForDeploymentPostprocessing = 0;
		};
/* End PBXSourcesBuildPhase section */

/* Begin PBXTargetDependency section */
		AE649300218CDAC0005F57CD /* PBXTargetDependency */ = {
			isa = PBXTargetDependency;
			target = AE6492E9218CDABE005F57CD /* Binder */;
			targetProxy = AE6492FF218CDAC0005F57CD /* PBXContainerItemProxy */;
		};
		AE64930B218CDAC0005F57CD /* PBXTargetDependency */ = {
			isa = PBXTargetDependency;
			target = AE6492E9218CDABE005F57CD /* Binder */;
			targetProxy = AE64930A218CDAC0005F57CD /* PBXContainerItemProxy */;
		};
/* End PBXTargetDependency section */

/* Begin PBXVariantGroup section */
		AE6492F1218CDABE005F57CD /* Main.storyboard */ = {
			isa = PBXVariantGroup;
			children = (
				AE6492F2218CDABE005F57CD /* Base */,
			);
			name = Main.storyboard;
			sourceTree = "<group>";
		};
		AE6492F6218CDAC0005F57CD /* LaunchScreen.storyboard */ = {
			isa = PBXVariantGroup;
			children = (
				AE6492F7218CDAC0005F57CD /* Base */,
			);
			name = LaunchScreen.storyboard;
			sourceTree = "<group>";
		};
/* End PBXVariantGroup section */

/* Begin XCBuildConfiguration section */
		AE649310218CDAC0005F57CD /* Debug */ = {
			isa = XCBuildConfiguration;
			buildSettings = {
				ALWAYS_SEARCH_USER_PATHS = NO;
				CLANG_ANALYZER_NONNULL = YES;
				CLANG_ANALYZER_NUMBER_OBJECT_CONVERSION = YES_AGGRESSIVE;
				CLANG_CXX_LANGUAGE_STANDARD = "gnu++14";
				CLANG_CXX_LIBRARY = "libc++";
				CLANG_ENABLE_MODULES = YES;
				CLANG_ENABLE_OBJC_ARC = YES;
				CLANG_ENABLE_OBJC_WEAK = YES;
				CLANG_WARN_BLOCK_CAPTURE_AUTORELEASING = YES;
				CLANG_WARN_BOOL_CONVERSION = YES;
				CLANG_WARN_COMMA = YES;
				CLANG_WARN_CONSTANT_CONVERSION = YES;
				CLANG_WARN_DEPRECATED_OBJC_IMPLEMENTATIONS = YES;
				CLANG_WARN_DIRECT_OBJC_ISA_USAGE = YES_ERROR;
				CLANG_WARN_DOCUMENTATION_COMMENTS = YES;
				CLANG_WARN_EMPTY_BODY = YES;
				CLANG_WARN_ENUM_CONVERSION = YES;
				CLANG_WARN_INFINITE_RECURSION = YES;
				CLANG_WARN_INT_CONVERSION = YES;
				CLANG_WARN_NON_LITERAL_NULL_CONVERSION = YES;
				CLANG_WARN_OBJC_IMPLICIT_RETAIN_SELF = YES;
				CLANG_WARN_OBJC_LITERAL_CONVERSION = YES;
				CLANG_WARN_OBJC_ROOT_CLASS = YES_ERROR;
				CLANG_WARN_RANGE_LOOP_ANALYSIS = YES;
				CLANG_WARN_STRICT_PROTOTYPES = YES;
				CLANG_WARN_SUSPICIOUS_MOVE = YES;
				CLANG_WARN_UNGUARDED_AVAILABILITY = YES_AGGRESSIVE;
				CLANG_WARN_UNREACHABLE_CODE = YES;
				CLANG_WARN__DUPLICATE_METHOD_MATCH = YES;
				CODE_SIGN_IDENTITY = "iPhone Developer";
				COPY_PHASE_STRIP = NO;
				DEBUG_INFORMATION_FORMAT = dwarf;
				ENABLE_STRICT_OBJC_MSGSEND = YES;
				ENABLE_TESTABILITY = YES;
				GCC_C_LANGUAGE_STANDARD = gnu11;
				GCC_DYNAMIC_NO_PIC = NO;
				GCC_NO_COMMON_BLOCKS = YES;
				GCC_OPTIMIZATION_LEVEL = 0;
				GCC_PREPROCESSOR_DEFINITIONS = (
					"DEBUG=1",
					"$(inherited)",
				);
				GCC_WARN_64_TO_32_BIT_CONVERSION = YES;
				GCC_WARN_ABOUT_RETURN_TYPE = YES_ERROR;
				GCC_WARN_UNDECLARED_SELECTOR = YES;
				GCC_WARN_UNINITIALIZED_AUTOS = YES_AGGRESSIVE;
				GCC_WARN_UNUSED_FUNCTION = YES;
				GCC_WARN_UNUSED_VARIABLE = YES;
				IPHONEOS_DEPLOYMENT_TARGET = 12.1;
				MTL_ENABLE_DEBUG_INFO = INCLUDE_SOURCE;
				MTL_FAST_MATH = YES;
				ONLY_ACTIVE_ARCH = YES;
				SDKROOT = iphoneos;
				SWIFT_ACTIVE_COMPILATION_CONDITIONS = DEBUG;
				SWIFT_OPTIMIZATION_LEVEL = "-Onone";
			};
			name = Debug;
		};
		AE649311218CDAC0005F57CD /* Release */ = {
			isa = XCBuildConfiguration;
			buildSettings = {
				ALWAYS_SEARCH_USER_PATHS = NO;
				CLANG_ANALYZER_NONNULL = YES;
				CLANG_ANALYZER_NUMBER_OBJECT_CONVERSION = YES_AGGRESSIVE;
				CLANG_CXX_LANGUAGE_STANDARD = "gnu++14";
				CLANG_CXX_LIBRARY = "libc++";
				CLANG_ENABLE_MODULES = YES;
				CLANG_ENABLE_OBJC_ARC = YES;
				CLANG_ENABLE_OBJC_WEAK = YES;
				CLANG_WARN_BLOCK_CAPTURE_AUTORELEASING = YES;
				CLANG_WARN_BOOL_CONVERSION = YES;
				CLANG_WARN_COMMA = YES;
				CLANG_WARN_CONSTANT_CONVERSION = YES;
				CLANG_WARN_DEPRECATED_OBJC_IMPLEMENTATIONS = YES;
				CLANG_WARN_DIRECT_OBJC_ISA_USAGE = YES_ERROR;
				CLANG_WARN_DOCUMENTATION_COMMENTS = YES;
				CLANG_WARN_EMPTY_BODY = YES;
				CLANG_WARN_ENUM_CONVERSION = YES;
				CLANG_WARN_INFINITE_RECURSION = YES;
				CLANG_WARN_INT_CONVERSION = YES;
				CLANG_WARN_NON_LITERAL_NULL_CONVERSION = YES;
				CLANG_WARN_OBJC_IMPLICIT_RETAIN_SELF = YES;
				CLANG_WARN_OBJC_LITERAL_CONVERSION = YES;
				CLANG_WARN_OBJC_ROOT_CLASS = YES_ERROR;
				CLANG_WARN_RANGE_LOOP_ANALYSIS = YES;
				CLANG_WARN_STRICT_PROTOTYPES = YES;
				CLANG_WARN_SUSPICIOUS_MOVE = YES;
				CLANG_WARN_UNGUARDED_AVAILABILITY = YES_AGGRESSIVE;
				CLANG_WARN_UNREACHABLE_CODE = YES;
				CLANG_WARN__DUPLICATE_METHOD_MATCH = YES;
				CODE_SIGN_IDENTITY = "iPhone Developer";
				COPY_PHASE_STRIP = NO;
				DEBUG_INFORMATION_FORMAT = "dwarf-with-dsym";
				ENABLE_NS_ASSERTIONS = NO;
				ENABLE_STRICT_OBJC_MSGSEND = YES;
				GCC_C_LANGUAGE_STANDARD = gnu11;
				GCC_NO_COMMON_BLOCKS = YES;
				GCC_WARN_64_TO_32_BIT_CONVERSION = YES;
				GCC_WARN_ABOUT_RETURN_TYPE = YES_ERROR;
				GCC_WARN_UNDECLARED_SELECTOR = YES;
				GCC_WARN_UNINITIALIZED_AUTOS = YES_AGGRESSIVE;
				GCC_WARN_UNUSED_FUNCTION = YES;
				GCC_WARN_UNUSED_VARIABLE = YES;
				IPHONEOS_DEPLOYMENT_TARGET = 12.1;
				MTL_ENABLE_DEBUG_INFO = NO;
				MTL_FAST_MATH = YES;
				SDKROOT = iphoneos;
				SWIFT_COMPILATION_MODE = wholemodule;
				SWIFT_OPTIMIZATION_LEVEL = "-O";
				VALIDATE_PRODUCT = YES;
			};
			name = Release;
		};
		AE649313218CDAC0005F57CD /* Debug */ = {
			isa = XCBuildConfiguration;
			buildSettings = {
				ASSETCATALOG_COMPILER_APPICON_NAME = AppIcon;
				CODE_SIGN_STYLE = Automatic;
				INFOPLIST_FILE = Binder/Info.plist;
				LD_RUNPATH_SEARCH_PATHS = (
					"$(inherited)",
					"@executable_path/Frameworks",
				);
				PRODUCT_BUNDLE_IDENTIFIER = com.dinosoftlabs.Binder;
				PRODUCT_NAME = "$(TARGET_NAME)";
				SWIFT_VERSION = 4.2;
				TARGETED_DEVICE_FAMILY = "1,2";
			};
			name = Debug;
		};
		AE649314218CDAC0005F57CD /* Release */ = {
			isa = XCBuildConfiguration;
			buildSettings = {
				ASSETCATALOG_COMPILER_APPICON_NAME = AppIcon;
				CODE_SIGN_STYLE = Automatic;
				INFOPLIST_FILE = Binder/Info.plist;
				LD_RUNPATH_SEARCH_PATHS = (
					"$(inherited)",
					"@executable_path/Frameworks",
				);
				PRODUCT_BUNDLE_IDENTIFIER = com.dinosoftlabs.Binder;
				PRODUCT_NAME = "$(TARGET_NAME)";
				SWIFT_VERSION = 4.2;
				TARGETED_DEVICE_FAMILY = "1,2";
			};
			name = Release;
		};
		AE649316218CDAC0005F57CD /* Debug */ = {
			isa = XCBuildConfiguration;
			buildSettings = {
				ALWAYS_EMBED_SWIFT_STANDARD_LIBRARIES = YES;
				BUNDLE_LOADER = "$(TEST_HOST)";
				CODE_SIGN_STYLE = Automatic;
				INFOPLIST_FILE = BinderTests/Info.plist;
				LD_RUNPATH_SEARCH_PATHS = (
					"$(inherited)",
					"@executable_path/Frameworks",
					"@loader_path/Frameworks",
				);
				PRODUCT_BUNDLE_IDENTIFIER = com.dinosoftlabs.BinderTests;
				PRODUCT_NAME = "$(TARGET_NAME)";
				SWIFT_VERSION = 4.2;
				TARGETED_DEVICE_FAMILY = "1,2";
				TEST_HOST = "$(BUILT_PRODUCTS_DIR)/Binder.app/Binder";
			};
			name = Debug;
		};
		AE649317218CDAC0005F57CD /* Release */ = {
			isa = XCBuildConfiguration;
			buildSettings = {
				ALWAYS_EMBED_SWIFT_STANDARD_LIBRARIES = YES;
				BUNDLE_LOADER = "$(TEST_HOST)";
				CODE_SIGN_STYLE = Automatic;
				INFOPLIST_FILE = BinderTests/Info.plist;
				LD_RUNPATH_SEARCH_PATHS = (
					"$(inherited)",
					"@executable_path/Frameworks",
					"@loader_path/Frameworks",
				);
				PRODUCT_BUNDLE_IDENTIFIER = com.dinosoftlabs.BinderTests;
				PRODUCT_NAME = "$(TARGET_NAME)";
				SWIFT_VERSION = 4.2;
				TARGETED_DEVICE_FAMILY = "1,2";
				TEST_HOST = "$(BUILT_PRODUCTS_DIR)/Binder.app/Binder";
			};
			name = Release;
		};
		AE649319218CDAC0005F57CD /* Debug */ = {
			isa = XCBuildConfiguration;
			buildSettings = {
				ALWAYS_EMBED_SWIFT_STANDARD_LIBRARIES = YES;
				CODE_SIGN_STYLE = Automatic;
				INFOPLIST_FILE = BinderUITests/Info.plist;
				LD_RUNPATH_SEARCH_PATHS = (
					"$(inherited)",
					"@executable_path/Frameworks",
					"@loader_path/Frameworks",
				);
				PRODUCT_BUNDLE_IDENTIFIER = com.dinosoftlabs.BinderUITests;
				PRODUCT_NAME = "$(TARGET_NAME)";
				SWIFT_VERSION = 4.2;
				TARGETED_DEVICE_FAMILY = "1,2";
				TEST_TARGET_NAME = Binder;
			};
			name = Debug;
		};
		AE64931A218CDAC0005F57CD /* Release */ = {
			isa = XCBuildConfiguration;
			buildSettings = {
				ALWAYS_EMBED_SWIFT_STANDARD_LIBRARIES = YES;
				CODE_SIGN_STYLE = Automatic;
				INFOPLIST_FILE = BinderUITests/Info.plist;
				LD_RUNPATH_SEARCH_PATHS = (
					"$(inherited)",
					"@executable_path/Frameworks",
					"@loader_path/Frameworks",
				);
				PRODUCT_BUNDLE_IDENTIFIER = com.dinosoftlabs.BinderUITests;
				PRODUCT_NAME = "$(TARGET_NAME)";
				SWIFT_VERSION = 4.2;
				TARGETED_DEVICE_FAMILY = "1,2";
				TEST_TARGET_NAME = Binder;
			};
			name = Release;
		};
/* End XCBuildConfiguration section */

/* Begin XCConfigurationList section */
		AE6492E5218CDABE005F57CD /* Build configuration list for PBXProject "Binder" */ = {
			isa = XCConfigurationList;
			buildConfigurations = (
				AE649310218CDAC0005F57CD /* Debug */,
				AE649311218CDAC0005F57CD /* Release */,
			);
			defaultConfigurationIsVisible = 0;
			defaultConfigurationName = Release;
		};
		AE649312218CDAC0005F57CD /* Build configuration list for PBXNativeTarget "Binder" */ = {
			isa = XCConfigurationList;
			buildConfigurations = (
				AE649313218CDAC0005F57CD /* Debug */,
				AE649314218CDAC0005F57CD /* Release */,
			);
			defaultConfigurationIsVisible = 0;
			defaultConfigurationName = Release;
		};
		AE649315218CDAC0005F57CD /* Build configuration list for PBXNativeTarget "BinderTests" */ = {
			isa = XCConfigurationList;
			buildConfigurations = (
				AE649316218CDAC0005F57CD /* Debug */,
				AE649317218CDAC0005F57CD /* Release */,
			);
			defaultConfigurationIsVisible = 0;
			defaultConfigurationName = Release;
		};
		AE649318218CDAC0005F57CD /* Build configuration list for PBXNativeTarget "BinderUITests" */ = {
			isa = XCConfigurationList;
			buildConfigurations = (
				AE649319218CDAC0005F57CD /* Debug */,
				AE64931A218CDAC0005F57CD /* Release */,
			);
			defaultConfigurationIsVisible = 0;
			defaultConfigurationName = Release;
		};
/* End XCConfigurationList section */
	};
	rootObject = AE6492E2218CDABE005F57CD /* Project object */;
}
